
Microsoft Visual Studio Solution File, Format Version 12.00
# Visual Studio Version 17
VisualStudioVersion = 17.3.32929.385
MinimumVisualStudioVersion = 10.0.40219.1
Project("{9A19103F-16F7-4668-BE54-9A1E7A4F7556}") = "ClassAndObject", "ClassAndObject\ClassAndObject.csproj", "{A1C17B87-A78D-4CA7-B171-9512AEFA0430}"
EndProject
Project("{9A19103F-16F7-4668-BE54-9A1E7A4F7556}") = "PrintTable", "PrintTable\PrintTable.csproj", "{E0E967CF-8819-4508-A7DC-1329897F30B1}"
EndProject
Project("{2150E333-8FDC-42A3-9474-1A3956D46DE8}") = "Basic Program", "Basic Program", "{12C71185-36C9-4805-A0A4-BB2FEC5EF1AA}"
	ProjectSection(SolutionItems) = preProject
		ArrayTakingINputForUSer.cs = ArrayTakingINputForUSer.cs
		SimpleArray.cs = SimpleArray.cs
	EndProjectSection
EndProject
Project("{9A19103F-16F7-4668-BE54-9A1E7A4F7556}") = "FindSquareRoot", "FindSquareRoot\FindSquareRoot.csproj", "{0682D209-700E-4D40-9786-ED7AAD862E1C}"
EndProject
Project("{9A19103F-16F7-4668-BE54-9A1E7A4F7556}") = "FindEvenOdd", "FindEvenOdd\FindEvenOdd.csproj", "{8E2754AF-BC00-4366-A3C6-C8B592035786}"
EndProject
Project("{9A19103F-16F7-4668-BE54-9A1E7A4F7556}") = "GradeProgram", "GradeProgram\GradeProgram.csproj", "{5C213228-ED13-4A2D-8A3F-D98D589482E3}"
EndProject
Project("{9A19103F-16F7-4668-BE54-9A1E7A4F7556}") = "FindTodayDayWithSwith", "FindTodayDayWithSwith\FindTodayDayWithSwith.csproj", "{2A4B6A60-3073-418A-8227-05F5D62999AE}"
EndProject
Project("{2150E333-8FDC-42A3-9474-1A3956D46DE8}") = "Oop", "Oop", "{3A7349BD-9366-486E-B379-7576F4897A70}"
EndProject
Project("{9A19103F-16F7-4668-BE54-9A1E7A4F7556}") = "FindSquareUsingInheritance", "FindSquareUsingInheritance\FindSquareUsingInheritance.csproj", "{14E5D92C-9CE7-4E9E-B152-2EF7DFC3D3DC}"
EndProject
Project("{9A19103F-16F7-4668-BE54-9A1E7A4F7556}") = "FindEvenOddByTakingUserInputList", "FindEvenOddByTakingUserInputList\FindEvenOddByTakingUserInputList.csproj", "{53F91A25-D251-4802-A11F-F6026FDE90F8}"
EndProject
Project("{9A19103F-16F7-4668-BE54-9A1E7A4F7556}") = "BankAccount", "BankAccount\BankAccount.csproj", "{21E0245C-2E05-4BF4-B3FC-EB6A88A1A689}"
EndProject
Project("{9A19103F-16F7-4668-BE54-9A1E7A4F7556}") = "ConsoleApp1", "ConsoleApp1\ConsoleApp1.csproj", "{FF318E9B-C9F1-47C8-B519-935D709038C9}"
EndProject
Project("{9A19103F-16F7-4668-BE54-9A1E7A4F7556}") = "Interface", "Interface\Interface.csproj", "{EF0B487E-C398-4746-AB47-832AAB1FAAE2}"
EndProject
Project("{9A19103F-16F7-4668-BE54-9A1E7A4F7556}") = "ExceptionHundling", "ExceptionHundling\ExceptionHundling.csproj", "{0CB2A32A-5365-416D-8199-FF81839A6284}"
EndProject
Global
	GlobalSection(SolutionConfigurationPlatforms) = preSolution
		Debug|Any CPU = Debug|Any CPU
		Release|Any CPU = Release|Any CPU
	EndGlobalSection
	GlobalSection(ProjectConfigurationPlatforms) = postSolution
		{A1C17B87-A78D-4CA7-B171-9512AEFA0430}.Debug|Any CPU.ActiveCfg = Debug|Any CPU
		{A1C17B87-A78D-4CA7-B171-9512AEFA0430}.Debug|Any CPU.Build.0 = Debug|Any CPU
		{A1C17B87-A78D-4CA7-B171-9512AEFA0430}.Release|Any CPU.ActiveCfg = Release|Any CPU
		{A1C17B87-A78D-4CA7-B171-9512AEFA0430}.Release|Any CPU.Build.0 = Release|Any CPU
		{E0E967CF-8819-4508-A7DC-1329897F30B1}.Debug|Any CPU.ActiveCfg = Debug|Any CPU
		{E0E967CF-8819-4508-A7DC-1329897F30B1}.Debug|Any CPU.Build.0 = Debug|Any CPU
		{E0E967CF-8819-4508-A7DC-1329897F30B1}.Release|Any CPU.ActiveCfg = Release|Any CPU
		{E0E967CF-8819-4508-A7DC-1329897F30B1}.Release|Any CPU.Build.0 = Release|Any CPU
		{0682D209-700E-4D40-9786-ED7AAD862E1C}.Debug|Any CPU.ActiveCfg = Debug|Any CPU
		{0682D209-700E-4D40-9786-ED7AAD862E1C}.Debug|Any CPU.Build.0 = Debug|Any CPU
		{0682D209-700E-4D40-9786-ED7AAD862E1C}.Release|Any CPU.ActiveCfg = Release|Any CPU
		{0682D209-700E-4D40-9786-ED7AAD862E1C}.Release|Any CPU.Build.0 = Release|Any CPU
		{8E2754AF-BC00-4366-A3C6-C8B592035786}.Debug|Any CPU.ActiveCfg = Debug|Any CPU
		{8E2754AF-BC00-4366-A3C6-C8B592035786}.Debug|Any CPU.Build.0 = Debug|Any CPU
		{8E2754AF-BC00-4366-A3C6-C8B592035786}.Release|Any CPU.ActiveCfg = Release|Any CPU
		{8E2754AF-BC00-4366-A3C6-C8B592035786}.Release|Any CPU.Build.0 = Release|Any CPU
		{5C213228-ED13-4A2D-8A3F-D98D589482E3}.Debug|Any CPU.ActiveCfg = Debug|Any CPU
		{5C213228-ED13-4A2D-8A3F-D98D589482E3}.Debug|Any CPU.Build.0 = Debug|Any CPU
		{5C213228-ED13-4A2D-8A3F-D98D589482E3}.Release|Any CPU.ActiveCfg = Release|Any CPU
		{5C213228-ED13-4A2D-8A3F-D98D589482E3}.Release|Any CPU.Build.0 = Release|Any CPU
		{2A4B6A60-3073-418A-8227-05F5D62999AE}.Debug|Any CPU.ActiveCfg = Debug|Any CPU
		{2A4B6A60-3073-418A-8227-05F5D62999AE}.Debug|Any CPU.Build.0 = Debug|Any CPU
		{2A4B6A60-3073-418A-8227-05F5D62999AE}.Release|Any CPU.ActiveCfg = Release|Any CPU
		{2A4B6A60-3073-418A-8227-05F5D62999AE}.Release|Any CPU.Build.0 = Release|Any CPU
		{14E5D92C-9CE7-4E9E-B152-2EF7DFC3D3DC}.Debug|Any CPU.ActiveCfg = Debug|Any CPU
		{14E5D92C-9CE7-4E9E-B152-2EF7DFC3D3DC}.Debug|Any CPU.Build.0 = Debug|Any CPU
		{14E5D92C-9CE7-4E9E-B152-2EF7DFC3D3DC}.Release|Any CPU.ActiveCfg = Release|Any CPU
		{14E5D92C-9CE7-4E9E-B152-2EF7DFC3D3DC}.Release|Any CPU.Build.0 = Release|Any CPU
		{53F91A25-D251-4802-A11F-F6026FDE90F8}.Debug|Any CPU.ActiveCfg = Debug|Any CPU
		{53F91A25-D251-4802-A11F-F6026FDE90F8}.Debug|Any CPU.Build.0 = Debug|Any CPU
		{53F91A25-D251-4802-A11F-F6026FDE90F8}.Release|Any CPU.ActiveCfg = Release|Any CPU
		{53F91A25-D251-4802-A11F-F6026FDE90F8}.Release|Any CPU.Build.0 = Release|Any CPU
		{21E0245C-2E05-4BF4-B3FC-EB6A88A1A689}.Debug|Any CPU.ActiveCfg = Debug|Any CPU
		{21E0245C-2E05-4BF4-B3FC-EB6A88A1A689}.Debug|Any CPU.Build.0 = Debug|Any CPU
		{21E0245C-2E05-4BF4-B3FC-EB6A88A1A689}.Release|Any CPU.ActiveCfg = Release|Any CPU
		{21E0245C-2E05-4BF4-B3FC-EB6A88A1A689}.Release|Any CPU.Build.0 = Release|Any CPU
		{FF318E9B-C9F1-47C8-B519-935D709038C9}.Debug|Any CPU.ActiveCfg = Debug|Any CPU
		{FF318E9B-C9F1-47C8-B519-935D709038C9}.Debug|Any CPU.Build.0 = Debug|Any CPU
		{FF318E9B-C9F1-47C8-B519-935D709038C9}.Release|Any CPU.ActiveCfg = Release|Any CPU
		{FF318E9B-C9F1-47C8-B519-935D709038C9}.Release|Any CPU.Build.0 = Release|Any CPU
		{EF0B487E-C398-4746-AB47-832AAB1FAAE2}.Debug|Any CPU.ActiveCfg = Debug|Any CPU
		{EF0B487E-C398-4746-AB47-832AAB1FAAE2}.Debug|Any CPU.Build.0 = Debug|Any CPU
		{EF0B487E-C398-4746-AB47-832AAB1FAAE2}.Release|Any CPU.ActiveCfg = Release|Any CPU
		{EF0B487E-C398-4746-AB47-832AAB1FAAE2}.Release|Any CPU.Build.0 = Release|Any CPU
		{0CB2A32A-5365-416D-8199-FF81839A6284}.Debug|Any CPU.ActiveCfg = Debug|Any CPU
		{0CB2A32A-5365-416D-8199-FF81839A6284}.Debug|Any CPU.Build.0 = Debug|Any CPU
		{0CB2A32A-5365-416D-8199-FF81839A6284}.Release|Any CPU.ActiveCfg = Release|Any CPU
		{0CB2A32A-5365-416D-8199-FF81839A6284}.Release|Any CPU.Build.0 = Release|Any CPU
	EndGlobalSection
	GlobalSection(SolutionProperties) = preSolution
		HideSolutionNode = FALSE
	EndGlobalSection
	GlobalSection(NestedProjects) = preSolution
		{A1C17B87-A78D-4CA7-B171-9512AEFA0430} = {3A7349BD-9366-486E-B379-7576F4897A70}
		{E0E967CF-8819-4508-A7DC-1329897F30B1} = {12C71185-36C9-4805-A0A4-BB2FEC5EF1AA}
		{0682D209-700E-4D40-9786-ED7AAD862E1C} = {12C71185-36C9-4805-A0A4-BB2FEC5EF1AA}
		{8E2754AF-BC00-4366-A3C6-C8B592035786} = {12C71185-36C9-4805-A0A4-BB2FEC5EF1AA}
		{5C213228-ED13-4A2D-8A3F-D98D589482E3} = {12C71185-36C9-4805-A0A4-BB2FEC5EF1AA}
		{2A4B6A60-3073-418A-8227-05F5D62999AE} = {12C71185-36C9-4805-A0A4-BB2FEC5EF1AA}
		{14E5D92C-9CE7-4E9E-B152-2EF7DFC3D3DC} = {3A7349BD-9366-486E-B379-7576F4897A70}
		{53F91A25-D251-4802-A11F-F6026FDE90F8} = {12C71185-36C9-4805-A0A4-BB2FEC5EF1AA}
		{21E0245C-2E05-4BF4-B3FC-EB6A88A1A689} = {3A7349BD-9366-486E-B379-7576F4897A70}
		{FF318E9B-C9F1-47C8-B519-935D709038C9} = {3A7349BD-9366-486E-B379-7576F4897A70}
		{EF0B487E-C398-4746-AB47-832AAB1FAAE2} = {3A7349BD-9366-486E-B379-7576F4897A70}
		{0CB2A32A-5365-416D-8199-FF81839A6284} = {3A7349BD-9366-486E-B379-7576F4897A70}
	EndGlobalSection
	GlobalSection(ExtensibilityGlobals) = postSolution
		SolutionGuid = {5A57AE40-D525-4BD3-AE6E-082D586A83F3}
	EndGlobalSection
EndGlobal
