
Microsoft Visual Studio Solution File, Format Version 12.00
# Visual Studio Version 17
VisualStudioVersion = 17.3.32929.385
MinimumVisualStudioVersion = 10.0.40219.1
Project("{FAE04EC0-301F-11D3-BF4B-00C04F79EFBC}") = "CPrograms", "CPrograms\CPrograms.csproj", "{DCFD8B16-1BBF-4F3A-922F-379C6533EAAD}"
EndProject
Global
	GlobalSection(SolutionConfigurationPlatforms) = preSolution
		Debug|Any CPU = Debug|Any CPU
		Release|Any CPU = Release|Any CPU
	EndGlobalSection
	GlobalSection(ProjectConfigurationPlatforms) = postSolution
		{DCFD8B16-1BBF-4F3A-922F-379C6533EAAD}.Debug|Any CPU.ActiveCfg = Debug|Any CPU
		{DCFD8B16-1BBF-4F3A-922F-379C6533EAAD}.Debug|Any CPU.Build.0 = Debug|Any CPU
		{DCFD8B16-1BBF-4F3A-922F-379C6533EAAD}.Release|Any CPU.ActiveCfg = Release|Any CPU
		{DCFD8B16-1BBF-4F3A-922F-379C6533EAAD}.Release|Any CPU.Build.0 = Release|Any CPU
	EndGlobalSection
	GlobalSection(SolutionProperties) = preSolution
		HideSolutionNode = FALSE
	EndGlobalSection
	GlobalSection(ExtensibilityGlobals) = postSolution
		SolutionGuid = {C9388584-8955-4F6A-A8CB-DE93071E8778}
	EndGlobalSection
EndGlobal
