
Microsoft Visual Studio Solution File, Format Version 12.00
# Visual Studio Version 17
VisualStudioVersion = 17.3.32929.385
MinimumVisualStudioVersion = 10.0.40219.1
Project("{FAE04EC0-301F-11D3-BF4B-00C04F79EFBC}") = "PokemonAPI", "PokemonAPI\PokemonAPI.csproj", "{9E1C10D0-65E9-48CA-8459-69D024DCFE31}"
EndProject
Global
	GlobalSection(SolutionConfigurationPlatforms) = preSolution
		Debug|Any CPU = Debug|Any CPU
		Release|Any CPU = Release|Any CPU
	EndGlobalSection
	GlobalSection(ProjectConfigurationPlatforms) = postSolution
		{9E1C10D0-65E9-48CA-8459-69D024DCFE31}.Debug|Any CPU.ActiveCfg = Debug|Any CPU
		{9E1C10D0-65E9-48CA-8459-69D024DCFE31}.Debug|Any CPU.Build.0 = Debug|Any CPU
		{9E1C10D0-65E9-48CA-8459-69D024DCFE31}.Release|Any CPU.ActiveCfg = Release|Any CPU
		{9E1C10D0-65E9-48CA-8459-69D024DCFE31}.Release|Any CPU.Build.0 = Release|Any CPU
	EndGlobalSection
	GlobalSection(SolutionProperties) = preSolution
		HideSolutionNode = FALSE
	EndGlobalSection
	GlobalSection(ExtensibilityGlobals) = postSolution
		SolutionGuid = {C7D171CD-5B99-4CDA-846E-9E61D9396220}
	EndGlobalSection
EndGlobal
